
Microsoft Visual Studio Solution File, Format Version 12.00
# Visual Studio Version 17
VisualStudioVersion = 17.10.35027.167
MinimumVisualStudioVersion = 10.0.40219.1
Project("{9A19103F-16F7-4668-BE54-9A1E7A4F7556}") = "ConsoleDumper", "ConsoleDumper\ConsoleDumper.csproj", "{B957BBC5-024E-45CE-AF36-0D66D44C3FF8}"
EndProject
Project("{FAE04EC0-301F-11D3-BF4B-00C04F79EFBC}") = "ConsoleDumper.Sample.JsonRpc", "ConsoleDumper.Sample.JsonRpc\ConsoleDumper.Sample.JsonRpc.csproj", "{EA47CE0B-30B6-441A-861A-778A633EE70B}"
EndProject
Global
	GlobalSection(SolutionConfigurationPlatforms) = preSolution
		Debug|Any CPU = Debug|Any CPU
		Release|Any CPU = Release|Any CPU
	EndGlobalSection
	GlobalSection(ProjectConfigurationPlatforms) = postSolution
		{B957BBC5-024E-45CE-AF36-0D66D44C3FF8}.Debug|Any CPU.ActiveCfg = Debug|Any CPU
		{B957BBC5-024E-45CE-AF36-0D66D44C3FF8}.Debug|Any CPU.Build.0 = Debug|Any CPU
		{B957BBC5-024E-45CE-AF36-0D66D44C3FF8}.Release|Any CPU.ActiveCfg = Release|Any CPU
		{B957BBC5-024E-45CE-AF36-0D66D44C3FF8}.Release|Any CPU.Build.0 = Release|Any CPU
		{EA47CE0B-30B6-441A-861A-778A633EE70B}.Debug|Any CPU.ActiveCfg = Debug|Any CPU
		{EA47CE0B-30B6-441A-861A-778A633EE70B}.Debug|Any CPU.Build.0 = Debug|Any CPU
		{EA47CE0B-30B6-441A-861A-778A633EE70B}.Release|Any CPU.ActiveCfg = Release|Any CPU
		{EA47CE0B-30B6-441A-861A-778A633EE70B}.Release|Any CPU.Build.0 = Release|Any CPU
	EndGlobalSection
	GlobalSection(SolutionProperties) = preSolution
		HideSolutionNode = FALSE
	EndGlobalSection
	GlobalSection(ExtensibilityGlobals) = postSolution
		SolutionGuid = {09C18881-F43C-41B8-86AE-6824045DB53C}
	EndGlobalSection
EndGlobal
